
Microsoft Visual Studio Solution File, Format Version 12.00
# Visual Studio Version 16
VisualStudioVersion = 16.0.30204.135
MinimumVisualStudioVersion = 10.0.40219.1
Project("{FAE04EC0-301F-11D3-BF4B-00C04F79EFBC}") = "P001_CustomEnumComboBoxEditor", "P001_CustomEnumComboBoxEditor\P001_CustomEnumComboBoxEditor.csproj", "{507269A1-ECDE-4581-B7C5-A8DADB580053}"
EndProject
Project("{FAE04EC0-301F-11D3-BF4B-00C04F79EFBC}") = "Xceed.Wpf.Toolkit", "..\..\wpftoolkit\ExtendedWPFToolkitSolution\Src\Xceed.Wpf.Toolkit\Xceed.Wpf.Toolkit.csproj", "{72E591D6-8F83-4D8C-8F67-9C325E623234}"
EndProject
Global
	GlobalSection(SolutionConfigurationPlatforms) = preSolution
		Debug|Any CPU = Debug|Any CPU
		Release|Any CPU = Release|Any CPU
	EndGlobalSection
	GlobalSection(ProjectConfigurationPlatforms) = postSolution
		{507269A1-ECDE-4581-B7C5-A8DADB580053}.Debug|Any CPU.ActiveCfg = Debug|Any CPU
		{507269A1-ECDE-4581-B7C5-A8DADB580053}.Debug|Any CPU.Build.0 = Debug|Any CPU
		{507269A1-ECDE-4581-B7C5-A8DADB580053}.Release|Any CPU.ActiveCfg = Release|Any CPU
		{507269A1-ECDE-4581-B7C5-A8DADB580053}.Release|Any CPU.Build.0 = Release|Any CPU
		{72E591D6-8F83-4D8C-8F67-9C325E623234}.Debug|Any CPU.ActiveCfg = Debug|Any CPU
		{72E591D6-8F83-4D8C-8F67-9C325E623234}.Debug|Any CPU.Build.0 = Debug|Any CPU
		{72E591D6-8F83-4D8C-8F67-9C325E623234}.Release|Any CPU.ActiveCfg = Release|Any CPU
		{72E591D6-8F83-4D8C-8F67-9C325E623234}.Release|Any CPU.Build.0 = Release|Any CPU
	EndGlobalSection
	GlobalSection(SolutionProperties) = preSolution
		HideSolutionNode = FALSE
	EndGlobalSection
	GlobalSection(ExtensibilityGlobals) = postSolution
		SolutionGuid = {DD1FAF5E-412D-422D-A18F-BA6032E7E24D}
	EndGlobalSection
EndGlobal
